{
    "_readme": [
        "This file locks the dependencies of your project to a known state",
        "Read more about it at https://getcomposer.org/doc/01-basic-usage.md#installing-dependencies",
        "This file is @generated automatically"
    ],
    "content-hash": "c49335f88b13eaa845fc07678355cdf8",
    "packages": [
        {
            "name": "leonlav77/frejmcore",
            "version": "dev-master",
            "source": {
                "type": "git",
                "url": "https://github.com/LeonLav77/FrejmCore.git",
                "reference": "6117aa383086e78dbb03d661bee326c804f36ed2"
            },
            "dist": {
                "type": "zip",
                "url": "https://api.github.com/repos/LeonLav77/FrejmCore/zipball/6117aa383086e78dbb03d661bee326c804f36ed2",
                "reference": "6117aa383086e78dbb03d661bee326c804f36ed2",
                "shasum": ""
            },
            "default-branch": true,
            "type": "library",
            "autoload": {
                "psr-4": {
                    "Leonlav77\\Frejmcore\\": "src/"
                }
            },
            "notification-url": "https://packagist.org/downloads/",
            "license": [
                "MIT"
            ],
            "authors": [
                {
                    "name": "Leon",
                    "email": "leonlav77@gmail.com"
                }
            ],
            "description": "This is the core package for the Frejm project",
            "support": {
                "issues": "https://github.com/LeonLav77/FrejmCore/issues",
                "source": "https://github.com/LeonLav77/FrejmCore/tree/master"
            },
            "time": "2024-04-27T14:53:35+00:00"
        }
    ],
    "packages-dev": [],
    "aliases": [],
    "minimum-stability": "stable",
    "stability-flags": {
        "leonlav77/frejmcore": 20
    },
    "prefer-stable": false,
    "prefer-lowest": false,
    "platform": [],
    "platform-dev": [],
    "plugin-api-version": "2.6.0"
}
